# Generated by conda-lock.
# platform: linux-64
# input_hash: 19b5246d5b6d76b88495213cb26c2b561f0b4130f379ec32df18e09b28bd0c13

channels:
  - pytorch
  - nvidia
  - conda-forge
  - bioconda
dependencies:
  - _libgcc_mutex=0.1=conda_forge
  - _openmp_mutex=4.5=2_kmp_llvm
  - absl-py=2.1.0=pyhd8ed1ab_0
  - alembic=1.13.1=pyhd8ed1ab_1
  - anndata=0.10.5=pyhd8ed1ab_0
  - antlr-python-runtime=4.9.3=pyhd8ed1ab_1
  - aom=3.8.1=h59595ed_0
  - arpack=3.8.0=nompi_h0baa96a_101
  - array-api-compat=1.4.1=pyhd8ed1ab_0
  - astropy=5.2.2=py310h0a54255_0
  - attrs=23.2.0=pyh71513ae_0
  - aws-c-auth=0.7.11=h0b4cabd_1
  - aws-c-cal=0.6.9=h14ec70c_3
  - aws-c-common=0.9.12=hd590300_0
  - aws-c-compression=0.2.17=h572eabf_8
  - aws-c-event-stream=0.4.1=h97bb272_2
  - aws-c-http=0.8.0=h9129f04_2
  - aws-c-io=0.14.0=hf8f278a_1
  - aws-c-mqtt=0.10.1=h2b97f5f_0
  - aws-c-s3=0.4.9=hca09fc5_0
  - aws-c-sdkutils=0.1.13=h572eabf_1
  - aws-checksums=0.1.17=h572eabf_7
  - aws-crt-cpp=0.26.0=h04327c0_8
  - aws-sdk-cpp=1.11.210=hba3e011_10
  - bcrypt=4.1.2=py310hcb5633a_0
  - blas=2.116=mkl
  - blas-devel=3.9.0=16_linux64_mkl
  - blinker=1.7.0=pyhd8ed1ab_0
  - blosc=1.21.5=h0f2a231_0
  - brotli=1.1.0=hd590300_1
  - brotli-bin=1.1.0=hd590300_1
  - brotli-python=1.1.0=py310hc6cd4ac_1
  - bzip2=1.0.8=hd590300_5
  - c-ares=1.27.0=hd590300_0
  - ca-certificates=2024.2.2=hbcca054_0
  - cached-property=1.5.2=hd8ed1ab_1
  - cached_property=1.5.2=pyha770c72_1
  - certifi=2024.2.2=pyhd8ed1ab_0
  - cffi=1.16.0=py310h2fee648_0
  - charset-normalizer=3.3.2=pyhd8ed1ab_0
  - chex=0.1.85=pyhd8ed1ab_0
  - click=8.1.7=unix_pyh707e725_0
  - cloudpickle=3.0.0=pyhd8ed1ab_0
  - colorama=0.4.6=pyhd8ed1ab_0
  - colorlog=6.7.0=py310hff52083_2
  - commonmark=0.9.1=py_0
  - configparser=5.3.0=pyhd8ed1ab_0
  - contextlib2=21.6.0=pyhd8ed1ab_0
  - contourpy=1.2.0=py310hd41b1e2_0
  - cryptography=42.0.4=py310h75e40e8_0
  - cuda-cudart=12.1.105=0
  - cuda-cupti=12.1.105=0
  - cuda-libraries=12.1.0=0
  - cuda-nvrtc=12.1.105=0
  - cuda-nvtx=12.1.105=0
  - cuda-opencl=12.3.101=0
  - cuda-runtime=12.1.0=0
  - cuda-version=11.8=h70ddcb2_2
  - cudatoolkit=11.8.0=h4ba93d1_13
  - cudnn=8.8.0.121=hcdd5f01_4
  - cycler=0.12.1=pyhd8ed1ab_0
  - databricks-cli=0.18.0=pyhd8ed1ab_0
  - dataclasses=0.8=pyhc8e2a94_3
  - dav1d=1.2.1=hd590300_0
  - desert=2022.9.22=pyhd8ed1ab_2
  - docker-py=7.0.0=pyhd8ed1ab_0
  - docrep=0.3.2=pyh44b312d_0
  - dulwich=0.21.7=py310h2372a71_0
  - entrypoints=0.4=pyhd8ed1ab_0
  - et_xmlfile=1.1.0=pyhd8ed1ab_0
  - etils=1.7.0=pyhd8ed1ab_0
  - exceptiongroup=1.2.0=pyhd8ed1ab_2
  - filelock=3.13.1=pyhd8ed1ab_0
  - flask=3.0.2=pyhd8ed1ab_0
  - flax=0.8.1=pyhd8ed1ab_0
  - fonttools=4.49.0=py310h2372a71_0
  - freetype=2.12.1=h267a509_2
  - fsspec=2024.2.0=pyhca7485f_0
  - future=1.0.0=pyhd8ed1ab_0
  - get-annotations=0.1.2=pyhd8ed1ab_0
  - gflags=2.2.2=he1b5a44_1004
  - gitdb=4.0.11=pyhd8ed1ab_0
  - gitpython=3.1.42=pyhd8ed1ab_0
  - glog=0.6.0=h6f12383_0
  - glpk=5.0=h445213a_0
  - gmp=6.3.0=h59595ed_0
  - gmpy2=2.1.2=py310h3ec546c_1
  - greenlet=3.0.3=py310hc6cd4ac_0
  - gunicorn=21.2.0=py310hff52083_1
  - h5py=3.8.0=nompi_py310ha66b2ad_101
  - hdf5=1.14.0=nompi_hb72d44e_103
  - hydra-core=1.3.2=pyhd8ed1ab_0
  - icu=73.2=h59595ed_0
  - idna=3.6=pyhd8ed1ab_0
  - igraph=0.10.10=h153f77b_0
  - importlib-metadata=7.0.1=pyha770c72_0
  - importlib_metadata=7.0.1=hd8ed1ab_0
  - importlib_resources=6.1.1=pyhd8ed1ab_0
  - iniconfig=2.0.0=pyhd8ed1ab_0
  - itsdangerous=2.1.2=pyhd8ed1ab_0
  - jax=0.4.23=pyhd8ed1ab_0
  - jaxlib=0.4.23=cuda118py310h8c47008_200
  - jaxtyping=0.2.25=pyhd8ed1ab_0
  - jinja2=3.1.3=pyhd8ed1ab_0
  - joblib=1.3.2=pyhd8ed1ab_0
  - keyutils=1.6.1=h166bdaf_0
  - kiwisolver=1.4.5=py310hd41b1e2_1
  - krb5=1.21.2=h659d440_0
  - lcms2=2.16=hb7c19ff_0
  - ld_impl_linux-64=2.40=h41732ed_0
  - leidenalg=0.9.1=py310heca2aa9_0
  - lerc=4.0.0=h27087fc_0
  - libabseil=20230802.1=cxx17_h59595ed_0
  - libaec=1.1.2=h59595ed_1
  - libarrow=15.0.0=h84dd17c_0_cpu
  - libarrow-acero=15.0.0=h59595ed_0_cpu
  - libarrow-dataset=15.0.0=h59595ed_0_cpu
  - libarrow-flight=15.0.0=h120cb0d_0_cpu
  - libarrow-flight-sql=15.0.0=h61ff412_0_cpu
  - libarrow-gandiva=15.0.0=hacb8726_0_cpu
  - libarrow-substrait=15.0.0=h61ff412_0_cpu
  - libavif16=1.0.4=h1dcd450_0
  - libblas=3.9.0=16_linux64_mkl
  - libbrotlicommon=1.1.0=hd590300_1
  - libbrotlidec=1.1.0=hd590300_1
  - libbrotlienc=1.1.0=hd590300_1
  - libcblas=3.9.0=16_linux64_mkl
  - libcrc32c=1.1.2=h9c3ff4c_0
  - libcublas=12.1.0.26=0
  - libcufft=11.0.2.4=0
  - libcufile=1.8.1.2=0
  - libcurand=10.3.4.107=0
  - libcurl=8.5.0=hca28451_0
  - libcusolver=11.4.4.55=0
  - libcusparse=12.0.2.55=0
  - libdeflate=1.19=hd590300_0
  - libedit=3.1.20191231=he28a2e2_2
  - libev=4.33=hd590300_2
  - libevent=2.1.12=hf998b51_1
  - libffi=3.4.2=h7f98852_5
  - libgcc-ng=13.2.0=h807b86a_5
  - libgfortran-ng=13.2.0=h69a702a_5
  - libgfortran5=13.2.0=ha4646dd_5
  - libgoogle-cloud=2.12.0=h5206363_4
  - libgrpc=1.59.3=hd6c4280_0
  - libhwloc=2.9.3=default_h554bfaf_1009
  - libiconv=1.17=hd590300_2
  - libjpeg-turbo=3.0.0=hd590300_1
  - liblapack=3.9.0=16_linux64_mkl
  - liblapacke=3.9.0=16_linux64_mkl
  - libllvm14=14.0.6=hcd5def8_4
  - libllvm15=15.0.7=hb3ce162_4
  - libnghttp2=1.58.0=h47da74e_1
  - libnl=3.9.0=hd590300_0
  - libnpp=12.0.2.50=0
  - libnsl=2.0.1=hd590300_0
  - libnuma=2.0.16=h0b41bf4_1
  - libnvjitlink=12.1.105=0
  - libnvjpeg=12.1.1.14=0
  - libparquet=15.0.0=h352af49_0_cpu
  - libpng=1.6.42=h2797004_0
  - libprotobuf=4.24.4=hf27288f_0
  - libre2-11=2023.06.02=h7a70373_0
  - libsodium=1.0.18=h36c2ea0_1
  - libsqlite=3.45.1=h2797004_0
  - libssh2=1.11.0=h0841786_0
  - libstdcxx-ng=13.2.0=h7e041cc_5
  - libthrift=0.19.0=hb90f79a_1
  - libtiff=4.6.0=ha9c0a0a_2
  - libutf8proc=2.8.0=h166bdaf_0
  - libuuid=2.38.1=h0b41bf4_0
  - libwebp-base=1.3.2=hd590300_0
  - libxcb=1.15=h0b41bf4_0
  - libxcrypt=4.4.36=hd590300_1
  - libxml2=2.12.5=h232c23b_0
  - libzlib=1.2.13=hd590300_5
  - lightning-utilities=0.10.1=pyhd8ed1ab_0
  - llvm-openmp=15.0.7=h0cdce71_0
  - llvmlite=0.42.0=py310h1b8f574_1
  - lz4-c=1.9.4=hcb278e6_0
  - mako=1.3.2=pyhd8ed1ab_0
  - markdown=3.5.2=pyhd8ed1ab_0
  - markupsafe=2.1.5=py310h2372a71_0
  - marshmallow=3.19.0=pyhd8ed1ab_0
  - mashumaro=3.10=pyhd8ed1ab_0
  - matplotlib-base=3.8.3=py310h62c0568_0
  - mkl=2022.1.0=h84fe81f_915
  - mkl-devel=2022.1.0=ha770c72_916
  - mkl-include=2022.1.0=h84fe81f_915
  - ml-collections=0.1.1=pyhd8ed1ab_0
  - ml_dtypes=0.3.2=py310hcc13569_0
  - mlflow=2.10.0=py310ha13cd29_0
  - mpc=1.3.1=hfe3b2da_0
  - mpfr=4.2.1=h9458935_0
  - mpmath=1.3.0=pyhd8ed1ab_0
  - msgpack-python=1.0.7=py310hd41b1e2_0
  - mudata=0.2.3=pyhd8ed1ab_0
  - multipledispatch=0.6.0=py_0
  - munkres=1.1.4=pyh9f0ad1d_0
  - mypy_extensions=1.0.0=pyha770c72_0
  - natsort=8.4.0=pyhd8ed1ab_0
  - nccl=2.20.3.1=h6103f9b_0
  - ncurses=6.4=h59595ed_2
  - nest-asyncio=1.6.0=pyhd8ed1ab_0
  - networkx=3.2.1=pyhd8ed1ab_0
  - numba=0.59.0=py310h7dc5dd1_1
  - numpy=1.26.4=py310hb13e2d6_0
  - numpyro=0.13.2=pyhd8ed1ab_1
  - oauthlib=3.2.2=pyhd8ed1ab_0
  - omegaconf=2.3.0=pyhd8ed1ab_0
  - openjpeg=2.5.0=h488ebb8_3
  - openpyxl=3.1.2=py310h2372a71_1
  - openssl=3.2.1=hd590300_0
  - opt-einsum=3.3.0=hd8ed1ab_2
  - opt_einsum=3.3.0=pyhc1e730c_2
  - optax=0.1.9=pyhd8ed1ab_0
  - orbax-checkpoint=0.4.4=pyhd8ed1ab_0
  - orc=1.9.2=h4b38347_0
  - packaging=23.2=pyhd8ed1ab_0
  - pandas=1.5.3=py310h9b08913_1
  - paramiko=3.4.0=pyhd8ed1ab_0
  - patsy=0.5.6=pyhd8ed1ab_0
  - pillow=10.2.0=py310h01dd4db_0
  - pip=24.0=pyhd8ed1ab_0
  - platformdirs=4.2.0=pyhd8ed1ab_0
  - pluggy=1.4.0=pyhd8ed1ab_0
  - pooch=1.8.1=pyhd8ed1ab_0
  - prometheus_client=0.20.0=pyhd8ed1ab_0
  - prometheus_flask_exporter=0.23.0=pyhd8ed1ab_0
  - protobuf=4.24.4=py310h620c231_0
  - pthread-stubs=0.4=h36c2ea0_1001
  - pyarrow=15.0.0=py310hf9e7431_0_cpu
  - pybind11-abi=4=hd8ed1ab_3
  - pycparser=2.21=pyhd8ed1ab_0
  - pyerfa=2.0.1.1=py310h1f7b6fc_0
  - pygments=2.17.2=pyhd8ed1ab_0
  - pyjwt=2.8.0=pyhd8ed1ab_1
  - pynacl=1.5.0=py310h2372a71_3
  - pynndescent=0.5.11=pyhca7485f_0
  - pyparsing=3.1.1=pyhd8ed1ab_0
  - pyperclip=1.8.2=pyhd8ed1ab_2
  - pyro-api=0.1.2=pyhd8ed1ab_0
  - pyro-ppl=1.8.6=pyhd8ed1ab_0
  - pysocks=1.7.1=pyha2e5f31_6
  - pytest=7.4.4=pyhd8ed1ab_0
  - pytest-asyncio=0.21.1=pyhd8ed1ab_0
  - python=3.10.13=hd12c33a_1_cpython
  - python-dateutil=2.8.2=pyhd8ed1ab_0
  - python-igraph=0.11.4=py310hd7113ba_0
  - python_abi=3.10=4_cp310
  - pytorch=2.1.2=py3.10_cuda12.1_cudnn8.9.2_0
  - pytorch-cuda=12.1=ha16c6d3_5
  - pytorch-lightning=1.9.4=pyhd8ed1ab_1
  - pytorch-mutex=1.0=cuda
  - pytz=2023.4=pyhd8ed1ab_0
  - pywin32-on-windows=0.1.0=pyh1179c8e_3
  - pyyaml=6.0.1=py310h2372a71_1
  - querystring_parser=1.2.4=py_0
  - rav1e=0.6.6=he8a937b_2
  - rdma-core=50.0=hd3aeb46_0
  - re2=2023.06.02=h2873b5e_0
  - readline=8.2=h8228510_1
  - requests=2.31.0=pyhd8ed1ab_0
  - requests-mock=1.11.0=pyhd8ed1ab_0
  - returns=0.22.0=pyhd8ed1ab_0
  - rich=12.6.0=pyhd8ed1ab_0
  - s2n=1.4.1=h06160fa_0
  - scanpy=1.9.8=pyhd8ed1ab_0
  - scikit-learn=1.4.1.post1=py310h1fdf081_0
  - scipy=1.10.1=py310ha4c1d20_3
  - scvi-tools=0.20.3=pyhd8ed1ab_1
  - seaborn=0.13.2=hd8ed1ab_0
  - seaborn-base=0.13.2=pyhd8ed1ab_0
  - session-info=1.0.0=pyhd8ed1ab_0
  - setuptools=69.1.1=pyhd8ed1ab_0
  - six=1.16.0=pyh6c4a22f_0
  - smmap=5.0.0=pyhd8ed1ab_0
  - snappy=1.1.10=h9fff704_0
  - sqlalchemy=2.0.27=py310h2372a71_0
  - sqlparse=0.4.4=pyhd8ed1ab_0
  - statsmodels=0.14.1=py310h1f7b6fc_0
  - stdlib-list=0.10.0=pyhd8ed1ab_0
  - svt-av1=1.8.0=h59595ed_0
  - sympy=1.12=pypyh9d50eac_103
  - tabulate=0.9.0=pyhd8ed1ab_1
  - tbb=2021.11.0=h00ab1b0_1
  - tensorstore=0.1.51=py310ha94ca7a_0
  - termcolor=2.2.0=pyhd8ed1ab_0
  - texttable=1.7.0=pyhd8ed1ab_0
  - threadpoolctl=3.3.0=pyhc1e730c_0
  - tk=8.6.13=noxft_h4845f30_101
  - tomli=2.0.1=pyhd8ed1ab_0
  - toolz=0.12.1=pyhd8ed1ab_0
  - torchmetrics=1.2.1=pyhd8ed1ab_0
  - torchtriton=2.1.0=py310
  - tqdm=4.66.2=pyhd8ed1ab_0
  - typeguard=2.13.3=pyhd8ed1ab_0
  - typing-extensions=4.9.0=hd8ed1ab_0
  - typing_extensions=4.9.0=pyha770c72_0
  - typing_inspect=0.9.0=pyhd8ed1ab_0
  - tzdata=2024a=h0c530f3_0
  - ucx=1.15.0=h75e419f_3
  - umap-learn=0.5.5=py310hff52083_1
  - unicodedata2=15.1.0=py310h2372a71_0
  - urllib3=2.2.1=pyhd8ed1ab_0
  - validators=0.22.0=pyhd8ed1ab_0
  - websocket-client=1.7.0=pyhd8ed1ab_0
  - werkzeug=3.0.1=pyhd8ed1ab_0
  - wheel=0.42.0=pyhd8ed1ab_0
  - xlrd=1.2.0=pyh9f0ad1d_1
  - xorg-libxau=1.0.11=hd590300_0
  - xorg-libxdmcp=1.1.3=h7f98852_0
  - xz=5.2.6=h166bdaf_0
  - yaml=0.2.5=h7f98852_2
  - zipp=3.17.0=pyhd8ed1ab_0
  - zstandard=0.21.0=py310h1275a96_1
  - zstd=1.5.5=hfc55251_0
  - pip:
      - adjusttext === 0.7.3 --hash=sha256:b90e275a95b4d980cbbac7967914b8d66477c09bc346a0b3c9e2125bba664b06
      - adlfs === 2023.9.0 --hash=sha256:e2cff62b8128578c6d1b9da1660ad4c8a5a8cb0d491bba416b529563c65dc5d2
      - aiobotocore === 2.5.4 --hash=sha256:4b32218728ca3d0be83835b604603a0cd6c329066e884bb78149334267f92440
      - aiohttp === 3.9.1 --hash=sha256:81b77f868814346662c96ab36b875d7814ebf82340d3284a31681085c051320f
      - aioitertools === 0.11.0 --hash=sha256:04b95e3dab25b449def24d7df809411c10e62aab0cbe31a50ca4e68748c43394
      - aiosignal === 1.3.1 --hash=sha256:f8376fb07dd1e86a584e4fcdec80b36b7f81aac666ebc724e2c090300dd83b17
      - antlr4-python3-runtime === 4.9.3 --hash=sha256:f224469b4168294902bb1efa80a8bf7855f24c99aef99cbefc1bcd3cce77881b
      - arrow === 1.3.0 --hash=sha256:c728b120ebc00eb84e01882a6f5e7927a53960aa990ce7dd2b10f39005a67f80
      - async-timeout === 4.0.3 --hash=sha256:7405140ff1230c310e51dc27b3145b9092d659ce68ff733fb0cefe3ee42be028
      - azure-core === 1.29.7 --hash=sha256:95a7b41b4af102e5fcdfac9500fcc82ff86e936c7145a099b7848b9ac0501250
      - azure-datalake-store === 0.0.53 --hash=sha256:a30c902a6e360aa47d7f69f086b426729784e71c536f330b691647a51dc42b2b
      - azure-identity === 1.15.0 --hash=sha256:a14b1f01c7036f11f148f22cd8c16e05035293d714458d6b44ddf534d93eb912
      - azure-storage-blob === 12.19.0 --hash=sha256:7bbc2c9c16678f7a420367fef6b172ba8730a7e66df7f4d7a55d5b3c8216615b
      - beartype === 0.16.4 --hash=sha256:64865952f9dff1e17f22684b3c7286fc79754553b47eaefeb1286224ae8c1bd9
      - binaryornot === 0.4.4 --hash=sha256:b8b71173c917bddcd2c16070412e369c3ed7f0528926f70cac18a6c97fd563e4
      - botocore === 1.31.17 --hash=sha256:6ac34a1d34aa3750e78b77b8596617e2bab938964694d651939dba2cbde2c12b
      - cachetools === 5.3.2 --hash=sha256:861f35a13a451f94e301ce2bec7cac63e881232ccce7ed67fab9b5df4d3beaa1
      - chardet === 5.2.0 --hash=sha256:e1cf59446890a00105fe7b7912492ea04b6e6f06d4b742b2c788469e34c82970
      - cookiecutter === 2.5.0 --hash=sha256:8aa2f12ed11bc05628651e9dc4353a10571dd9908aaaaeec959a2b9ea465a5d2
      - croniter === 2.0.1 --hash=sha256:4cb064ce2d8f695b3b078be36ff50115cf8ac306c10a7e8653ee2a5b534673d7
      - dataclasses-json === 0.5.9 --hash=sha256:1280542631df1c375b7bc92e5b86d39e06c44760d7e3571a537b3b8acabf2f0c
      - decorator === 5.1.1 --hash=sha256:b8c3f85900b9dc423225913c5aace94729fe1fa9763b38939a95226f02d37186
      - diskcache === 5.6.3 --hash=sha256:5e31b2d5fbad117cc363ebaf6b689474db18a1f6438bc82358b024abd4c2ca19
      - docker === 6.1.3 --hash=sha256:aecd2277b8bf8e506e484f6ab7aec39abe0038e29fa4a6d3ba86c3fe01844ed9
      - docstring-parser === 0.15 --hash=sha256:d1679b86250d269d06a99670924d6bce45adc00b08069dae8c47d98e89b667a9
      - flyteidl === 1.10.6 --hash=sha256:ec2c4e9726bac302d6f76aed3be662ff713eea31391294f8bd617abd6d134098
      - flytekit === 1.10.3 --hash=sha256:f3d68da538687d4a019d0ef05d8818d98cef3f46988c41a343e1f72adf9ed49c
      - frozenlist === 1.4.1 --hash=sha256:a9b2de4cf0cdd5bd2dee4c4f63a653c61d2408055ab77b151c1957f221cabf2a
      - fsspec === 2023.9.2 --hash=sha256:603dbc52c75b84da501b9b2ec8c11e1f61c25984c4a0dda1f129ef391fbfc9b4
      - gcsfs === 2023.9.2 --hash=sha256:b3e61d07b0ecf3e04627b0cc0df30ee728bc49e31d42de180815601041e62c1b
      - google-api-core === 2.15.0 --hash=sha256:2aa56d2be495551e66bbff7f729b790546f87d5c90e74781aa77233bcb395a8a
      - google-auth === 2.27.0 --hash=sha256:8e4bad367015430ff253fe49d500fdc3396c1a434db5740828c728e45bcce245
      - google-auth-oauthlib === 1.2.0 --hash=sha256:297c1ce4cb13a99b5834c74a1fe03252e1e499716718b190f56bcb9c4abc4faf
      - google-cloud-core === 2.4.1 --hash=sha256:a9e6a4422b9ac5c29f79a0ede9485473338e2ce78d91f2370c01e730eab22e61
      - google-cloud-storage === 2.14.0 --hash=sha256:8641243bbf2a2042c16a6399551fbb13f062cbc9a2de38d6c0bb5426962e9dbd
      - google-crc32c === 1.5.0 --hash=sha256:116a7c3c616dd14a3de8c64a965828b197e5f2d121fedd2f8c5585c547e87b02
      - google-resumable-media === 2.7.0 --hash=sha256:79543cfe433b63fd81c0844b7803aba1bb8950b47bedf7d980c38fa123937e08
      - googleapis-common-protos === 1.62.0 --hash=sha256:4750113612205514f9f6aa4cb00d523a94f3e8c06c5ad2fee466387dc4875f07
      - grpcio === 1.60.0 --hash=sha256:43e636dc2ce9ece583b3e2ca41df5c983f4302eabc6d5f9cd04f0562ee8ec1ae
      - grpcio-status === 1.60.0 --hash=sha256:7d383fa36e59c1e61d380d91350badd4d12ac56e4de2c2b831b050362c3c572e
      - hydra-zen === 0.10.0 --hash=sha256:78c3cddb8b7063317a3685edb570c209425988b8f5f08902e13b5e6ead46d9af
      - isodate === 0.6.1 --hash=sha256:0751eece944162659049d35f4f549ed815792b38793f07cf73381c1c87cbed96
      - jaraco.classes === 3.3.0 --hash=sha256:10afa92b6743f25c0cf5f37c6bb6e18e2c5bb84a16527ccfc0040ea377e7aaeb
      - jeepney === 0.8.0 --hash=sha256:c0a454ad016ca575060802ee4d590dd912e35c122fa04e70306de3d076cce755
      - jmespath === 1.0.1 --hash=sha256:02e2e4cc71b5bcab88332eebf907519190dd9e6e82107fa7f83b1003a6252980
      - jsonpickle === 3.0.2 --hash=sha256:4a8442d97ca3f77978afa58068768dba7bff2dbabe79a9647bc3cdafd4ef019f
      - keyring === 24.3.0 --hash=sha256:4446d35d636e6a10b8bce7caa66913dd9eca5fd222ca03a3d42c38608ac30836
      - kubernetes === 29.0.0 --hash=sha256:ab8cb0e0576ccdfb71886366efb102c6a20f268d817be065ce7f9909c631e43e
      - loompy === 3.0.7 --hash=sha256:b5cdf7b54734c6bed3a181d11947af70af2c6e0dcadc02fd0e871df232faa8f4
      - marshmallow-enum === 1.5.1 --hash=sha256:57161ab3dbfde4f57adeb12090f39592e992b9c86d206d02f6bd03ebec60f072
      - marshmallow-jsonschema === 0.13.0 --hash=sha256:2814f2afb94a6e01b3c0a5795b3dfb142b628763655f20378400af5c0a2307fb
      - more-itertools === 10.2.0 --hash=sha256:686b06abe565edfab151cb8fd385a05651e1fdf8f0a14191e4439283421f8684
      - msal === 1.26.0 --hash=sha256:be77ba6a8f49c9ff598bbcdc5dfcf1c9842f3044300109af738e8c3e371065b5
      - msal-extensions === 1.1.0 --hash=sha256:01be9711b4c0b1a151450068eeb2c4f0997df3bba085ac299de3a66f585e382f
      - multidict === 6.0.4 --hash=sha256:36c63aaa167f6c6b04ef2c85704e93af16c11d20de1d133e39de6a0e84582a93
      - numpy-groupies === 0.10.2 --hash=sha256:24a574ecdd58c0d669749b67ec31dab971d27e04037b402bbc4f6bedaa2623bc
      - nvidia-cublas-cu12 === 12.1.3.1 --hash=sha256:ee53ccca76a6fc08fb9701aa95b6ceb242cdaab118c3bb152af4e579af792728
      - nvidia-cuda-cupti-cu12 === 12.1.105 --hash=sha256:e54fde3983165c624cb79254ae9818a456eb6e87a7fd4d56a2352c24ee542d7e
      - nvidia-cuda-nvrtc-cu12 === 12.1.105 --hash=sha256:339b385f50c309763ca65456ec75e17bbefcbbf2893f462cb8b90584cd27a1c2
      - nvidia-cuda-runtime-cu12 === 12.1.105 --hash=sha256:6e258468ddf5796e25f1dc591a31029fa317d97a0a94ed93468fc86301d61e40
      - nvidia-cudnn-cu12 === 8.9.2.26 --hash=sha256:5ccb288774fdfb07a7e7025ffec286971c06d8d7b4fb162525334616d7629ff9
      - nvidia-cufft-cu12 === 11.0.2.54 --hash=sha256:794e3948a1aa71fd817c3775866943936774d1c14e7628c74f6f7417224cdf56
      - nvidia-curand-cu12 === 10.3.2.106 --hash=sha256:9d264c5036dde4e64f1de8c50ae753237c12e0b1348738169cd0f8a536c0e1e0
      - nvidia-cusolver-cu12 === 11.4.5.107 --hash=sha256:8a7ec542f0412294b15072fa7dab71d31334014a69f953004ea7a118206fe0dd
      - nvidia-cusparse-cu12 === 12.1.0.106 --hash=sha256:f3b50f42cf363f86ab21f720998517a659a48131e8d538dc02f8768237bd884c
      - nvidia-nccl-cu12 === 2.18.1 --hash=sha256:1a6c4acefcbebfa6de320f412bf7866de856e786e0462326ba1bac40de0b5e71
      - nvidia-nvjitlink-cu12 === 12.3.101 --hash=sha256:64335a8088e2b9d196ae8665430bc6a2b7e6ef2eb877a9c735c804bd4ff6467c
      - nvidia-nvtx-cu12 === 12.1.105 --hash=sha256:dc21cf308ca5691e7c04d962e213f8a4aa9bbfa23d95412f452254c2caeb09e5
      - portalocker === 2.8.2 --hash=sha256:cfb86acc09b9aa7c3b43594e19be1345b9d16af3feb08bf92f23d4dce513a28e
      - protoc-gen-swagger === 0.1.0 --hash=sha256:cdc043da538865f055a7f22b304a35085cef269dc33e2f3408b12d397e8d8b4b
      - pyasn1 === 0.5.1 --hash=sha256:4439847c58d40b1d0a573d07e3856e95333f1976294494c325775aeca506eb58
      - pyasn1-modules === 0.3.0 --hash=sha256:d3ccd6ed470d9ffbc716be08bd90efbd44d0734bc9303818f7336070984a162d
      - python-json-logger === 2.0.7 --hash=sha256:f380b826a991ebbe3de4d897aeec42760035ac760345e57b812938dc8b35e2bd
      - python-slugify === 8.0.2 --hash=sha256:428ea9b00c977b8f6c097724398f190b2c18e2a6011094d1001285875ccacdbf
      - pytimeparse === 1.1.8 --hash=sha256:04b7be6cc8bd9f5647a6325444926c3ac34ee6bc7e69da4367ba282f076036bd
      - requests-oauthlib === 1.3.1 --hash=sha256:2577c501a2fb8d05a304c09d090d6e47c306fef15809d102b327cf8364bddab5
      - rich-click === 1.7.3 --hash=sha256:bc4163d4e2a3361e21c4d72d300eca6eb8896dfc978667923cb1d4937b8769a3
      - rsa === 4.9 --hash=sha256:90260d9058e514786967344d0ef75fa8727eed8a7d2e43ce9f4bcf1b536174f7
      - s3fs === 2023.9.2 --hash=sha256:d0e0ad0267820f4e9ff16556e004e6759010e92378aebe2ac5d71419a6ff5387
      - scanpy === 1.9.7 --hash=sha256:046af177640f5d00a240f47a384cb7e769f1707a9af4871d9437d230e3cfc028
      - scikit-learn === 1.1.3 --hash=sha256:701181792a28c82fecae12adb5d15d0ecf57bffab7cf4bdbb52c7b3fd428d540
      - scvelo === 0.3.1 --hash=sha256:e9160dbc048a031fff42c7368a6bda0580f700961422df10bed76bcd72986032
      - secretstorage === 3.3.3 --hash=sha256:f356e6628222568e3af06f2eba8df495efa13b3b63081dafd4f7d9a7b7bc9f99
      - statsd === 3.3.0 --hash=sha256:c610fb80347fca0ef62666d241bce64184bd7cc1efe582f9690e045c25535eaa
      - text-unidecode === 1.3 --hash=sha256:1311f10e8b895935241623731c2ba64f4c455287888b18189350b67134a822e8
      - triton === 2.1.0 --hash=sha256:66439923a30d5d48399b08a9eae10370f6c261a5ec864a64983bae63152d39d7
      - types-python-dateutil === 2.8.19.20240106 --hash=sha256:efbbdc54590d0f16152fa103c9879c7d4a00e82078f6e2cf01769042165acaa2
      - urllib3 === 1.26.18 --hash=sha256:34b97092d7e0a3a8cf7cd10e386f401b3737364026c45e622aa02903dffe0f07
      - wrapt === 1.16.0 --hash=sha256:ac83a914ebaf589b69f7d0a1277602ff494e21f4c2f743313414378f8f50a4cf
      - yarl === 1.9.4 --hash=sha256:357495293086c5b6d34ca9616a43d329317feab7917518bc97a08f9e55648455
